
Microsoft Visual Studio Solution File, Format Version 12.00
Project("{FAE04EC0-301F-11D3-BF4B-00C04F79EFBC}") = "Leetcode_CSharp_Sample", "Leetcode_CSharp_Sample\Leetcode_CSharp_Sample.csproj", "{CAE91F37-D46E-4729-AD4A-EAFBE87C3B9B}"
EndProject
Global
	GlobalSection(SolutionConfigurationPlatforms) = preSolution
		Debug|Any CPU = Debug|Any CPU
		Release|Any CPU = Release|Any CPU
	EndGlobalSection
	GlobalSection(ProjectConfigurationPlatforms) = postSolution
		{CAE91F37-D46E-4729-AD4A-EAFBE87C3B9B}.Debug|Any CPU.ActiveCfg = Debug|Any CPU
		{CAE91F37-D46E-4729-AD4A-EAFBE87C3B9B}.Debug|Any CPU.Build.0 = Debug|Any CPU
		{CAE91F37-D46E-4729-AD4A-EAFBE87C3B9B}.Release|Any CPU.ActiveCfg = Release|Any CPU
		{CAE91F37-D46E-4729-AD4A-EAFBE87C3B9B}.Release|Any CPU.Build.0 = Release|Any CPU
	EndGlobalSection
EndGlobal
